
Microsoft Visual Studio Solution File, Format Version 12.00
# Visual Studio Version 17
VisualStudioVersion = 17.1.31911.260
MinimumVisualStudioVersion = 10.0.40219.1
Project("{FAE04EC0-301F-11D3-BF4B-00C04F79EFBC}") = "PictureToASCIIArt", "PictureToASCIIArt\PictureToASCIIArt.csproj", "{A0931CA0-FF9A-44C7-88F9-781EE7FEE7AA}"
EndProject
Global
	GlobalSection(SolutionConfigurationPlatforms) = preSolution
		Debug|Any CPU = Debug|Any CPU
		Release|Any CPU = Release|Any CPU
	EndGlobalSection
	GlobalSection(ProjectConfigurationPlatforms) = postSolution
		{A0931CA0-FF9A-44C7-88F9-781EE7FEE7AA}.Debug|Any CPU.ActiveCfg = Debug|Any CPU
		{A0931CA0-FF9A-44C7-88F9-781EE7FEE7AA}.Debug|Any CPU.Build.0 = Debug|Any CPU
		{A0931CA0-FF9A-44C7-88F9-781EE7FEE7AA}.Release|Any CPU.ActiveCfg = Release|Any CPU
		{A0931CA0-FF9A-44C7-88F9-781EE7FEE7AA}.Release|Any CPU.Build.0 = Release|Any CPU
	EndGlobalSection
	GlobalSection(SolutionProperties) = preSolution
		HideSolutionNode = FALSE
	EndGlobalSection
	GlobalSection(ExtensibilityGlobals) = postSolution
		SolutionGuid = {23559976-2916-4BC2-A98C-41954363963F}
	EndGlobalSection
EndGlobal
